
Microsoft Visual Studio Solution File, Format Version 12.00
# Visual Studio 14
VisualStudioVersion = 14.0.23107.0
MinimumVisualStudioVersion = 10.0.40219.1
Project("{2150E333-8FDC-42A3-9474-1A3956D46DE8}") = ".paket", ".paket", "{E4E79271-E1D2-4C4B-AA69-33D2DDECA6DF}"
	ProjectSection(SolutionItems) = preProject
		paket.dependencies = paket.dependencies
	EndProjectSection
EndProject
Project("{F2A71F9B-5D33-465A-A702-920D77279786}") = "FsKafka", "FsKafka\FsKafka.fsproj", "{AE834C76-377B-4DBC-AB59-59F5489A84F7}"
EndProject
Project("{F2A71F9B-5D33-465A-A702-920D77279786}") = "FsKafka.Tests", "FsKafka.Tests\FsKafka.Tests.fsproj", "{57B8EE54-DF93-4F9E-ACE9-5CFC5D2811A4}"
EndProject
Global
	GlobalSection(SolutionConfigurationPlatforms) = preSolution
		Debug|Any CPU = Debug|Any CPU
		Release|Any CPU = Release|Any CPU
	EndGlobalSection
	GlobalSection(ProjectConfigurationPlatforms) = postSolution
		{AE834C76-377B-4DBC-AB59-59F5489A84F7}.Debug|Any CPU.ActiveCfg = Debug|Any CPU
		{AE834C76-377B-4DBC-AB59-59F5489A84F7}.Debug|Any CPU.Build.0 = Debug|Any CPU
		{AE834C76-377B-4DBC-AB59-59F5489A84F7}.Release|Any CPU.ActiveCfg = Release|Any CPU
		{AE834C76-377B-4DBC-AB59-59F5489A84F7}.Release|Any CPU.Build.0 = Release|Any CPU
		{57B8EE54-DF93-4F9E-ACE9-5CFC5D2811A4}.Debug|Any CPU.ActiveCfg = Debug|Any CPU
		{57B8EE54-DF93-4F9E-ACE9-5CFC5D2811A4}.Debug|Any CPU.Build.0 = Debug|Any CPU
		{57B8EE54-DF93-4F9E-ACE9-5CFC5D2811A4}.Release|Any CPU.ActiveCfg = Release|Any CPU
		{57B8EE54-DF93-4F9E-ACE9-5CFC5D2811A4}.Release|Any CPU.Build.0 = Release|Any CPU
	EndGlobalSection
	GlobalSection(SolutionProperties) = preSolution
		HideSolutionNode = FALSE
	EndGlobalSection
EndGlobal
